
Microsoft Visual Studio Solution File, Format Version 12.00
# Visual Studio Version 17
VisualStudioVersion = 17.10.35027.167
MinimumVisualStudioVersion = 10.0.40219.1
Project("{FAE04EC0-301F-11D3-BF4B-00C04F79EFBC}") = "AngularAppTeste.Server", "AngularAppTeste.Server\AngularAppTeste.Server.csproj", "{9238A3B9-F7B8-4912-8B75-6C8D1071A5A3}"
EndProject
Project("{54A90642-561A-4BB1-A94E-469ADEE60C69}") = "angularappteste.client", "angularappteste.client\angularappteste.client.esproj", "{B3443DBD-525B-4186-BAF6-48FFEAF4A773}"
EndProject
Global
	GlobalSection(SolutionConfigurationPlatforms) = preSolution
		Debug|Any CPU = Debug|Any CPU
		Release|Any CPU = Release|Any CPU
	EndGlobalSection
	GlobalSection(ProjectConfigurationPlatforms) = postSolution
		{9238A3B9-F7B8-4912-8B75-6C8D1071A5A3}.Debug|Any CPU.ActiveCfg = Debug|Any CPU
		{9238A3B9-F7B8-4912-8B75-6C8D1071A5A3}.Debug|Any CPU.Build.0 = Debug|Any CPU
		{9238A3B9-F7B8-4912-8B75-6C8D1071A5A3}.Release|Any CPU.ActiveCfg = Release|Any CPU
		{9238A3B9-F7B8-4912-8B75-6C8D1071A5A3}.Release|Any CPU.Build.0 = Release|Any CPU
		{B3443DBD-525B-4186-BAF6-48FFEAF4A773}.Debug|Any CPU.ActiveCfg = Debug|Any CPU
		{B3443DBD-525B-4186-BAF6-48FFEAF4A773}.Debug|Any CPU.Build.0 = Debug|Any CPU
		{B3443DBD-525B-4186-BAF6-48FFEAF4A773}.Debug|Any CPU.Deploy.0 = Debug|Any CPU
		{B3443DBD-525B-4186-BAF6-48FFEAF4A773}.Release|Any CPU.ActiveCfg = Release|Any CPU
		{B3443DBD-525B-4186-BAF6-48FFEAF4A773}.Release|Any CPU.Build.0 = Release|Any CPU
		{B3443DBD-525B-4186-BAF6-48FFEAF4A773}.Release|Any CPU.Deploy.0 = Release|Any CPU
	EndGlobalSection
	GlobalSection(SolutionProperties) = preSolution
		HideSolutionNode = FALSE
	EndGlobalSection
	GlobalSection(ExtensibilityGlobals) = postSolution
		SolutionGuid = {41F57874-DF9F-41A8-AEFD-7FDC2FC1E314}
	EndGlobalSection
EndGlobal
